
Microsoft Visual Studio Solution File, Format Version 12.00
# Visual Studio Version 17
VisualStudioVersion = 17.1.32328.378
MinimumVisualStudioVersion = 10.0.40219.1
Project("{FAE04EC0-301F-11D3-BF4B-00C04F79EFBC}") = "vailsys", "vailsys\vailsys.csproj", "{4AE452CA-3944-4F40-A04C-FCBDE4DE9B19}"
EndProject
Global
	GlobalSection(SolutionConfigurationPlatforms) = preSolution
		Debug|Any CPU = Debug|Any CPU
		Release|Any CPU = Release|Any CPU
	EndGlobalSection
	GlobalSection(ProjectConfigurationPlatforms) = postSolution
		{4AE452CA-3944-4F40-A04C-FCBDE4DE9B19}.Debug|Any CPU.ActiveCfg = Debug|Any CPU
		{4AE452CA-3944-4F40-A04C-FCBDE4DE9B19}.Debug|Any CPU.Build.0 = Debug|Any CPU
		{4AE452CA-3944-4F40-A04C-FCBDE4DE9B19}.Release|Any CPU.ActiveCfg = Release|Any CPU
		{4AE452CA-3944-4F40-A04C-FCBDE4DE9B19}.Release|Any CPU.Build.0 = Release|Any CPU
	EndGlobalSection
	GlobalSection(SolutionProperties) = preSolution
		HideSolutionNode = FALSE
	EndGlobalSection
	GlobalSection(ExtensibilityGlobals) = postSolution
		SolutionGuid = {D3ED94AD-54D5-4B10-9FE1-2D28FCFBC7A0}
	EndGlobalSection
EndGlobal
